// !$*UTF8*$!
{
	archiveVersion = 1;
	classes = {
	};
	objectVersion = 46;
	objects = {

/* Begin PBXBuildFile section */
		3FEB4BB51B581ABE001EDDCB /* main.m in Sources */ = {isa = PBXBuildFile; fileRef = 3FEB4BB41B581ABE001EDDCB /* main.m */; };
/* End PBXBuildFile section */

/* Begin PBXCopyFilesBuildPhase section */
		3FEB4BAF1B581ABE001EDDCB /* CopyFiles */ = {
			isa = PBXCopyFilesBuildPhase;
			buildActionMask = 2147483647;
			dstPath = /usr/share/man/man1/;
			dstSubfolderSpec = 0;
			files = (
			);
			runOnlyForDeploymentPostprocessing = 1;
		};
/* End PBXCopyFilesBuildPhase section */

/* Begin PBXFileReference section */
		3FEB4BB11B581ABE001EDDCB /* GetSafariCookies */ = {isa = PBXFileReference; explicitFileType = "compiled.mach-o.executable"; includeInIndex = 0; path = GetSafariCookies; sourceTree = BUILT_PRODUCTS_DIR; };
		3FEB4BB41B581ABE001EDDCB /* main.m */ = {isa = PBXFileReference; lastKnownFileType = sourcecode.c.objc; path = main.m; sourceTree = "<group>"; };
/* End PBXFileReference section */

/* Begin PBXFrameworksBuildPhase section */
		3FEB4BAE1B581ABE001EDDCB /* Frameworks */ = {
			isa = PBXFrameworksBuildPhase;
			buildActionMask = 2147483647;
			files = (
			);
			runOnlyForDeploymentPostprocessing = 0;
		};
/* End PBXFrameworksBuildPhase section */

/* Begin PBXGroup section */
		3FEB4BA81B581ABE001EDDCB = {
			isa = PBXGroup;
			children = (
				3FEB4BB31B581ABE001EDDCB /* GetSafariCookies */,
				3FEB4BB21B581ABE001EDDCB /* Products */,
			);
			sourceTree = "<group>";
		};
		3FEB4BB21B581ABE001EDDCB /* Products */ = {
			isa = PBXGroup;
			children = (
				3FEB4BB11B581ABE001EDDCB /* GetSafariCookies */,
			);
			name = Products;
			sourceTree = "<group>";
		};
		3FEB4BB31B581ABE001EDDCB /* GetSafariCookies */ = {
			isa = PBXGroup;
			children = (
				3FEB4BB41B581ABE001EDDCB /* main.m */,
			);
			path = GetSafariCookies;
			sourceTree = "<group>";
		};
/* End PBXGroup section */

/* Begin PBXNativeTarget section */
		3FEB4BB01B581ABE001EDDCB /* GetSafariCookies */ = {
			isa = PBXNativeTarget;
			buildConfigurationList = 3FEB4BB81B581ABE001EDDCB /* Build configuration list for PBXNativeTarget "GetSafariCookies" */;
			buildPhases = (
				3FEB4BAD1B581ABE001EDDCB /* Sources */,
				3FEB4BAE1B581ABE001EDDCB /* Frameworks */,
				3FEB4BAF1B581ABE001EDDCB /* CopyFiles */,
			);
			buildRules = (
			);
			dependencies = (
			);
			name = GetSafariCookies;
			productName = GetSafariCookies;
			productReference = 3FEB4BB11B581ABE001EDDCB /* GetSafariCookies */;
			productType = "com.apple.product-type.tool";
		};
/* End PBXNativeTarget section */

/* Begin PBXProject section */
		3FEB4BA91B581ABE001EDDCB /* Project object */ = {
			isa = PBXProject;
			attributes = {
				LastUpgradeCheck = 0640;
				ORGANIZATIONNAME = GroundControl;
				TargetAttributes = {
					3FEB4BB01B581ABE001EDDCB = {
						CreatedOnToolsVersion = 6.4;
					};
				};
			};
			buildConfigurationList = 3FEB4BAC1B581ABE001EDDCB /* Build configuration list for PBXProject "GetSafariCookies" */;
			compatibilityVersion = "Xcode 3.2";
			developmentRegion = English;
			hasScannedForEncodings = 0;
			knownRegions = (
				en,
			);
			mainGroup = 3FEB4BA81B581ABE001EDDCB;
			productRefGroup = 3FEB4BB21B581ABE001EDDCB /* Products */;
			projectDirPath = "";
			projectRoot = "";
			targets = (
				3FEB4BB01B581ABE001EDDCB /* GetSafariCookies */,
			);
		};
/* End PBXProject section */

/* Begin PBXSourcesBuildPhase section */
		3FEB4BAD1B581ABE001EDDCB /* Sources */ = {
			isa = PBXSourcesBuildPhase;
			buildActionMask = 2147483647;
			files = (
				3FEB4BB51B581ABE001EDDCB /* main.m in Sources */,
			);
			runOnlyForDeploymentPostprocessing = 0;
		};
/* End PBXSourcesBuildPhase section */

/* Begin XCBuildConfiguration section */
		3FEB4BB61B581ABE001EDDCB /* Debug */ = {
			isa = XCBuildConfiguration;
			buildSettings = {
				ALWAYS_SEARCH_USER_PATHS = NO;
				CLANG_CXX_LANGUAGE_STANDARD = "gnu++0x";
				CLANG_CXX_LIBRARY = "libc++";
				CLANG_ENABLE_MODULES = YES;
				CLANG_ENABLE_OBJC_ARC = YES;
				CLANG_WARN_BOOL_CONVERSION = YES;
				CLANG_WARN_CONSTANT_CONVERSION = YES;
				CLANG_WARN_DIRECT_OBJC_ISA_USAGE = YES_ERROR;
				CLANG_WARN_EMPTY_BODY = YES;
				CLANG_WARN_ENUM_CONVERSION = YES;
				CLANG_WARN_INT_CONVERSION = YES;
				CLANG_WARN_OBJC_ROOT_CLASS = YES_ERROR;
				CLANG_WARN_UNREACHABLE_CODE = YES;
				CLANG_WARN__DUPLICATE_METHOD_MATCH = YES;
				COPY_PHASE_STRIP = NO;
				DEBUG_INFORMATION_FORMAT = dwarf;
				ENABLE_STRICT_OBJC_MSGSEND = YES;
				GCC_C_LANGUAGE_STANDARD = gnu99;
				GCC_DYNAMIC_NO_PIC = NO;
				GCC_NO_COMMON_BLOCKS = YES;
				GCC_OPTIMIZATION_LEVEL = 0;
				GCC_PREPROCESSOR_DEFINITIONS = (
					"DEBUG=1",
					"$(inherited)",
				);
				GCC_SYMBOLS_PRIVATE_EXTERN = NO;
				GCC_WARN_64_TO_32_BIT_CONVERSION = YES;
				GCC_WARN_ABOUT_RETURN_TYPE = YES_ERROR;
				GCC_WARN_UNDECLARED_SELECTOR = YES;
				GCC_WARN_UNINITIALIZED_AUTOS = YES_AGGRESSIVE;
				GCC_WARN_UNUSED_FUNCTION = YES;
				GCC_WARN_UNUSED_VARIABLE = YES;
				MACOSX_DEPLOYMENT_TARGET = 10.10;
				MTL_ENABLE_DEBUG_INFO = YES;
				ONLY_ACTIVE_ARCH = YES;
				SDKROOT = macosx;
			};
			name = Debug;
		};
		3FEB4BB71B581ABE001EDDCB /* Release */ = {
			isa = XCBuildConfiguration;
			buildSettings = {
				ALWAYS_SEARCH_USER_PATHS = NO;
				CLANG_CXX_LANGUAGE_STANDARD = "gnu++0x";
				CLANG_CXX_LIBRARY = "libc++";
				CLANG_ENABLE_MODULES = YES;
				CLANG_ENABLE_OBJC_ARC = YES;
				CLANG_WARN_BOOL_CONVERSION = YES;
				CLANG_WARN_CONSTANT_CONVERSION = YES;
				CLANG_WARN_DIRECT_OBJC_ISA_USAGE = YES_ERROR;
				CLANG_WARN_EMPTY_BODY = YES;
				CLANG_WARN_ENUM_CONVERSION = YES;
				CLANG_WARN_INT_CONVERSION = YES;
				CLANG_WARN_OBJC_ROOT_CLASS = YES_ERROR;
				CLANG_WARN_UNREACHABLE_CODE = YES;
				CLANG_WARN__DUPLICATE_METHOD_MATCH = YES;
				COPY_PHASE_STRIP = NO;
				DEBUG_INFORMATION_FORMAT = "dwarf-with-dsym";
				ENABLE_NS_ASSERTIONS = NO;
				ENABLE_STRICT_OBJC_MSGSEND = YES;
				GCC_C_LANGUAGE_STANDARD = gnu99;
				GCC_NO_COMMON_BLOCKS = YES;
				GCC_WARN_64_TO_32_BIT_CONVERSION = YES;
				GCC_WARN_ABOUT_RETURN_TYPE = YES_ERROR;
				GCC_WARN_UNDECLARED_SELECTOR = YES;
				GCC_WARN_UNINITIALIZED_AUTOS = YES_AGGRESSIVE;
				GCC_WARN_UNUSED_FUNCTION = YES;
				GCC_WARN_UNUSED_VARIABLE = YES;
				MACOSX_DEPLOYMENT_TARGET = 10.10;
				MTL_ENABLE_DEBUG_INFO = NO;
				SDKROOT = macosx;
			};
			name = Release;
		};
		3FEB4BB91B581ABE001EDDCB /* Debug */ = {
			isa = XCBuildConfiguration;
			buildSettings = {
				PRODUCT_NAME = "$(TARGET_NAME)";
			};
			name = Debug;
		};
		3FEB4BBA1B581ABE001EDDCB /* Release */ = {
			isa = XCBuildConfiguration;
			buildSettings = {
				PRODUCT_NAME = "$(TARGET_NAME)";
			};
			name = Release;
		};
/* End XCBuildConfiguration section */

/* Begin XCConfigurationList section */
		3FEB4BAC1B581ABE001EDDCB /* Build configuration list for PBXProject "GetSafariCookies" */ = {
			isa = XCConfigurationList;
			buildConfigurations = (
				3FEB4BB61B581ABE001EDDCB /* Debug */,
				3FEB4BB71B581ABE001EDDCB /* Release */,
			);
			defaultConfigurationIsVisible = 0;
			defaultConfigurationName = Release;
		};
		3FEB4BB81B581ABE001EDDCB /* Build configuration list for PBXNativeTarget "GetSafariCookies" */ = {
			isa = XCConfigurationList;
			buildConfigurations = (
				3FEB4BB91B581ABE001EDDCB /* Debug */,
				3FEB4BBA1B581ABE001EDDCB /* Release */,
			);
			defaultConfigurationIsVisible = 0;
		};
/* End XCConfigurationList section */
	};
	rootObject = 3FEB4BA91B581ABE001EDDCB /* Project object */;
}
